{
    "_readme": [
        "This file locks the dependencies of your project to a known state",
        "Read more about it at https://getcomposer.org/doc/01-basic-usage.md#installing-dependencies",
        "This file is @generated automatically"
    ],
    "content-hash": "9c68fda3e66c29610286d6b6ce415907",
    "packages": [
        {
            "name": "symfony/asset",
            "version": "v7.4.4",
            "source": {
                "type": "git",
                "url": "https://github.com/symfony/asset.git",
                "reference": "a6f49cf087a1fcfe7130b9b604a8a2b878b06c40"
            },
            "dist": {
                "type": "zip",
                "url": "https://api.github.com/repos/symfony/asset/zipball/a6f49cf087a1fcfe7130b9b604a8a2b878b06c40",
                "reference": "a6f49cf087a1fcfe7130b9b604a8a2b878b06c40",
                "shasum": ""
            },
            "require": {
                "php": ">=8.2"
            },
            "conflict": {
                "symfony/http-foundation": "<6.4"
            },
            "require-dev": {
                "symfony/http-client": "^6.4|^7.0|^8.0",
                "symfony/http-foundation": "^6.4|^7.0|^8.0",
                "symfony/http-kernel": "^6.4|^7.0|^8.0"
            },
            "type": "library",
            "autoload": {
                "psr-4": {
                    "Symfony\\Component\\Asset\\": ""
                },
                "exclude-from-classmap": [
                    "/Tests/"
                ]
            },
            "notification-url": "https://packagist.org/downloads/",
            "license": [
                "MIT"
            ],
            "authors": [
                {
                    "name": "Fabien Potencier",
                    "email": "fabien@symfony.com"
                },
                {
                    "name": "Symfony Community",
                    "homepage": "https://symfony.com/contributors"
                }
            ],
            "description": "Manages URL generation and versioning of web assets such as CSS stylesheets, JavaScript files and image files",
            "homepage": "https://symfony.com",
            "support": {
                "source": "https://github.com/symfony/asset/tree/v7.4.4"
            },
            "funding": [
                {
                    "url": "https://symfony.com/sponsor",
                    "type": "custom"
                },
                {
                    "url": "https://github.com/fabpot",
                    "type": "github"
                },
                {
                    "url": "https://github.com/nicolas-grekas",
                    "type": "github"
                },
                {
                    "url": "https://tidelift.com/funding/github/packagist/symfony/symfony",
                    "type": "tidelift"
                }
            ],
            "time": "2026-01-13T10:40:19+00:00"
        },
        {
            "name": "symfony/deprecation-contracts",
            "version": "v3.6.0",
            "source": {
                "type": "git",
                "url": "https://github.com/symfony/deprecation-contracts.git",
                "reference": "63afe740e99a13ba87ec199bb07bbdee937a5b62"
            },
            "dist": {
                "type": "zip",
                "url": "https://api.github.com/repos/symfony/deprecation-contracts/zipball/63afe740e99a13ba87ec199bb07bbdee937a5b62",
                "reference": "63afe740e99a13ba87ec199bb07bbdee937a5b62",
                "shasum": ""
            },
            "require": {
                "php": ">=8.1"
            },
            "type": "library",
            "extra": {
                "thanks": {
                    "url": "https://github.com/symfony/contracts",
                    "name": "symfony/contracts"
                },
                "branch-alias": {
                    "dev-main": "3.6-dev"
                }
            },
            "autoload": {
                "files": [
                    "function.php"
                ]
            },
            "notification-url": "https://packagist.org/downloads/",
            "license": [
                "MIT"
            ],
            "authors": [
                {
                    "name": "Nicolas Grekas",
                    "email": "p@tchwork.com"
                },
                {
                    "name": "Symfony Community",
                    "homepage": "https://symfony.com/contributors"
                }
            ],
            "description": "A generic function and convention to trigger deprecation notices",
            "homepage": "https://symfony.com",
            "support": {
                "source": "https://github.com/symfony/deprecation-contracts/tree/v3.6.0"
            },
            "funding": [
                {
                    "url": "https://symfony.com/sponsor",
                    "type": "custom"
                },
                {
                    "url": "https://github.com/fabpot",
                    "type": "github"
                },
                {
                    "url": "https://tidelift.com/funding/github/packagist/symfony/symfony",
                    "type": "tidelift"
                }
            ],
            "time": "2024-09-25T14:21:43+00:00"
        },
        {
            "name": "symfony/options-resolver",
            "version": "v7.4.8",
            "source": {
                "type": "git",
                "url": "https://github.com/symfony/options-resolver.git",
                "reference": "2888fcdc4dc2fd5f7c7397be78631e8af12e02b4"
            },
            "dist": {
                "type": "zip",
                "url": "https://api.github.com/repos/symfony/options-resolver/zipball/2888fcdc4dc2fd5f7c7397be78631e8af12e02b4",
                "reference": "2888fcdc4dc2fd5f7c7397be78631e8af12e02b4",
                "shasum": ""
            },
            "require": {
                "php": ">=8.2",
                "symfony/deprecation-contracts": "^2.5|^3"
            },
            "type": "library",
            "autoload": {
                "psr-4": {
                    "Symfony\\Component\\OptionsResolver\\": ""
                },
                "exclude-from-classmap": [
                    "/Tests/"
                ]
            },
            "notification-url": "https://packagist.org/downloads/",
            "license": [
                "MIT"
            ],
            "authors": [
                {
                    "name": "Fabien Potencier",
                    "email": "fabien@symfony.com"
                },
                {
                    "name": "Symfony Community",
                    "homepage": "https://symfony.com/contributors"
                }
            ],
            "description": "Provides an improved replacement for the array_replace PHP function",
            "homepage": "https://symfony.com",
            "keywords": [
                "config",
                "configuration",
                "options"
            ],
            "support": {
                "source": "https://github.com/symfony/options-resolver/tree/v7.4.8"
            },
            "funding": [
                {
                    "url": "https://symfony.com/sponsor",
                    "type": "custom"
                },
                {
                    "url": "https://github.com/fabpot",
                    "type": "github"
                },
                {
                    "url": "https://github.com/nicolas-grekas",
                    "type": "github"
                },
                {
                    "url": "https://tidelift.com/funding/github/packagist/symfony/symfony",
                    "type": "tidelift"
                }
            ],
            "time": "2026-03-24T13:12:05+00:00"
        },
        {
            "name": "symfony/rate-limiter",
            "version": "v7.4.8",
            "source": {
                "type": "git",
                "url": "https://github.com/symfony/rate-limiter.git",
                "reference": "d55de9ec479418f58464e122e68d33886cf6f1fb"
            },
            "dist": {
                "type": "zip",
                "url": "https://api.github.com/repos/symfony/rate-limiter/zipball/d55de9ec479418f58464e122e68d33886cf6f1fb",
                "reference": "d55de9ec479418f58464e122e68d33886cf6f1fb",
                "shasum": ""
            },
            "require": {
                "php": ">=8.2",
                "symfony/options-resolver": "^7.3|^8.0"
            },
            "require-dev": {
                "psr/cache": "^1.0|^2.0|^3.0",
                "symfony/lock": "^6.4|^7.0|^8.0"
            },
            "type": "library",
            "autoload": {
                "psr-4": {
                    "Symfony\\Component\\RateLimiter\\": ""
                },
                "exclude-from-classmap": [
                    "/Tests/"
                ]
            },
            "notification-url": "https://packagist.org/downloads/",
            "license": [
                "MIT"
            ],
            "authors": [
                {
                    "name": "Wouter de Jong",
                    "email": "wouter@wouterj.nl"
                },
                {
                    "name": "Symfony Community",
                    "homepage": "https://symfony.com/contributors"
                }
            ],
            "description": "Provides a Token Bucket implementation to rate limit input and output in your application",
            "homepage": "https://symfony.com",
            "keywords": [
                "limiter",
                "rate-limiter"
            ],
            "support": {
                "source": "https://github.com/symfony/rate-limiter/tree/v7.4.8"
            },
            "funding": [
                {
                    "url": "https://symfony.com/sponsor",
                    "type": "custom"
                },
                {
                    "url": "https://github.com/fabpot",
                    "type": "github"
                },
                {
                    "url": "https://github.com/nicolas-grekas",
                    "type": "github"
                },
                {
                    "url": "https://tidelift.com/funding/github/packagist/symfony/symfony",
                    "type": "tidelift"
                }
            ],
            "time": "2026-03-24T13:12:05+00:00"
        }
    ],
    "packages-dev": [],
    "aliases": [],
    "minimum-stability": "stable",
    "stability-flags": {},
    "prefer-stable": false,
    "prefer-lowest": false,
    "platform": {},
    "platform-dev": {},
    "plugin-api-version": "2.9.0"
}
